
Microsoft Visual Studio Solution File, Format Version 12.00
# Visual Studio Version 17
VisualStudioVersion = 17.4.33122.133
MinimumVisualStudioVersion = 10.0.40219.1
Project("{8BC9CEB8-8B4A-11D0-8D11-00A0C91BC942}") = "PathFindingVisualizer", "PathFindingVisualizer.vcxproj", "{11090FCE-DD9A-4208-BA66-55A6499BFEF3}"
EndProject
Global
	GlobalSection(SolutionConfigurationPlatforms) = preSolution
		Debug|x64 = Debug|x64
		Debug|x86 = Debug|x86
		Release|x64 = Release|x64
		Release|x86 = Release|x86
	EndGlobalSection
	GlobalSection(ProjectConfigurationPlatforms) = postSolution
		{11090FCE-DD9A-4208-BA66-55A6499BFEF3}.Debug|x64.ActiveCfg = Debug|x64
		{11090FCE-DD9A-4208-BA66-55A6499BFEF3}.Debug|x64.Build.0 = Debug|x64
		{11090FCE-DD9A-4208-BA66-55A6499BFEF3}.Debug|x86.ActiveCfg = Debug|Win32
		{11090FCE-DD9A-4208-BA66-55A6499BFEF3}.Debug|x86.Build.0 = Debug|Win32
		{11090FCE-DD9A-4208-BA66-55A6499BFEF3}.Release|x64.ActiveCfg = Release|x64
		{11090FCE-DD9A-4208-BA66-55A6499BFEF3}.Release|x64.Build.0 = Release|x64
		{11090FCE-DD9A-4208-BA66-55A6499BFEF3}.Release|x86.ActiveCfg = Release|Win32
		{11090FCE-DD9A-4208-BA66-55A6499BFEF3}.Release|x86.Build.0 = Release|Win32
	EndGlobalSection
	GlobalSection(SolutionProperties) = preSolution
		HideSolutionNode = FALSE
	EndGlobalSection
	GlobalSection(ExtensibilityGlobals) = postSolution
		SolutionGuid = {5CB7E09A-58A7-43EC-861F-A9975AAC4613}
	EndGlobalSection
EndGlobal
